
Microsoft Visual Studio Solution File, Format Version 12.00
# Visual Studio 15
VisualStudioVersion = 15.0.26730.15
MinimumVisualStudioVersion = 10.0.40219.1
Project("{FAE04EC0-301F-11D3-BF4B-00C04F79EFBC}") = "DownloadManager.Core", "DownloadManager.Core\DownloadManager.Core.csproj", "{AFF53224-7F50-4010-9FE4-FEC0BB19D428}"
EndProject
Project("{FAE04EC0-301F-11D3-BF4B-00C04F79EFBC}") = "DownloadManager.UI", "DownloadManager.UI\DownloadManager.UI.csproj", "{55C48C65-7593-4E23-A0E1-FE224D9F4183}"
EndProject
Global
	GlobalSection(SolutionConfigurationPlatforms) = preSolution
		Debug|Any CPU = Debug|Any CPU
		Release|Any CPU = Release|Any CPU
	EndGlobalSection
	GlobalSection(ProjectConfigurationPlatforms) = postSolution
		{AFF53224-7F50-4010-9FE4-FEC0BB19D428}.Debug|Any CPU.ActiveCfg = Debug|Any CPU
		{AFF53224-7F50-4010-9FE4-FEC0BB19D428}.Debug|Any CPU.Build.0 = Debug|Any CPU
		{AFF53224-7F50-4010-9FE4-FEC0BB19D428}.Release|Any CPU.ActiveCfg = Release|Any CPU
		{AFF53224-7F50-4010-9FE4-FEC0BB19D428}.Release|Any CPU.Build.0 = Release|Any CPU
		{55C48C65-7593-4E23-A0E1-FE224D9F4183}.Debug|Any CPU.ActiveCfg = Debug|Any CPU
		{55C48C65-7593-4E23-A0E1-FE224D9F4183}.Debug|Any CPU.Build.0 = Debug|Any CPU
		{55C48C65-7593-4E23-A0E1-FE224D9F4183}.Release|Any CPU.ActiveCfg = Release|Any CPU
		{55C48C65-7593-4E23-A0E1-FE224D9F4183}.Release|Any CPU.Build.0 = Release|Any CPU
	EndGlobalSection
	GlobalSection(SolutionProperties) = preSolution
		HideSolutionNode = FALSE
	EndGlobalSection
	GlobalSection(ExtensibilityGlobals) = postSolution
		SolutionGuid = {74711598-7523-4113-83BE-0A9C8DD904CF}
	EndGlobalSection
EndGlobal
